<Solution>
  <Folder Name="/src/">
  <Project Path="src/Squirrel.Abstractions/Squirrel.Abstractions.csproj" />
  <Project Path="src/Squirrel.AspireIntegrations/Squirrel.AspireIntegrations.csproj" />
  <Project Path="src/Squirrel.Caching/Squirrel.Caching.csproj" />
  <Project Path="src/Squirrel.Caching.AzureRedis/Squirrel.Caching.AzureRedis.csproj" />
  <Project Path="src/Squirrel.Core/Squirrel.Core.csproj" />
  <Project Path="src/Squirrel.Email/Squirrel.Email.csproj" />
  <Project Path="src/Squirrel.HealthCheck/Squirrel.HealthCheck.csproj" />
  <Project Path="src/Squirrel.Integration.Wolverine/Squirrel.Integration.Wolverine.csproj" />
  <Project Path="src/Squirrel.Integration.Wolverine.InMemory/Squirrel.Integration.Wolverine.InMemory.csproj" />
  <Project Path="src/Squirrel.OpenApi/Squirrel.OpenApi.csproj" />
  <Project Path="src/Squirrel.OpenTelemetry/Squirrel.OpenTelemetry.csproj" />
  <Project Path="src/Squirrel.Persistence.EfCore.AzureCosmosDB/Squirrel.Persistence.EfCore.AzureCosmosDB.csproj" />
  <Project Path="src/Squirrel.Persistence.EfCore.AzurePostgres/Squirrel.Persistence.EfCore.AzurePostgres.csproj" />
  <Project Path="src/Squirrel.Persistence.EfCore.Postgres/Squirrel.Persistence.EfCore.Postgres.csproj" />
  <Project Path="src/Squirrel.Persistence.EventStoreDB/Squirrel.Persistence.EventStoreDB.csproj" />
  <Project Path="src/Squirrel.Persistence.Marten/Squirrel.Persistence.Marten.csproj" />
  <Project Path="src/Squirrel.Persistence.Mongo/Squirrel.Persistence.Mongo.csproj" />
  <Project Path="src/Squirrel.Resiliency/Squirrel.Resiliency.csproj" />
  <Project Path="src/Squirrel.Security/Squirrel.Security.csproj" />
  <Project Path="src/Squirrel.Serialization/Squirrel.Serialization.csproj" />
  <Project Path="src/Squirrel.SerilogLogging/Squirrel.SerilogLogging.csproj" />
  <Project Path="src/Squirrel.Validation/Squirrel.Validation.csproj" />
  <Project Path="src/Squirrel.Web/Squirrel.Web.csproj" />
  </Folder>
  <Folder Name="/tests/">
  <Project Path="tests/Squirrel.Abstractions/Squirrel.Abstractions.IntegrationTests/Squirrel.Abstractions.IntegrationTests.csproj" />
  <Project Path="tests/Squirrel.Abstractions/Squirrel.Abstractions.UnitTests/Squirrel.Abstractions.UnitTests.csproj" />
  <Project Path="tests/Squirrel.AspireIntegrations/Squirrel.AspireIntegrations.IntegrationTests/Squirrel.AspireIntegrations.IntegrationTests.csproj" />
  <Project Path="tests/Squirrel.AspireIntegrations/Squirrel.AspireIntegrations.UnitTests/Squirrel.AspireIntegrations.UnitTests.csproj" />
  <Project Path="tests/Squirrel.Caching/Squirrel.Caching.IntegrationTests/Squirrel.Caching.IntegrationTests.csproj" />
  <Project Path="tests/Squirrel.Caching/Squirrel.Caching.UnitTests/Squirrel.Caching.UnitTests.csproj" />
  <Project Path="tests/Squirrel.Caching.AzureRedis/Squirrel.Caching.AzureRedis.IntegrationTests/Squirrel.Caching.AzureRedis.IntegrationTests.csproj" />
  <Project Path="tests/Squirrel.Caching.AzureRedis/Squirrel.Caching.AzureRedis.UnitTests/Squirrel.Caching.AzureRedis.UnitTests.csproj" />
  <Project Path="tests/Squirrel.Core/Squirrel.Core.IntegrationTests/Squirrel.Core.IntegrationTests.csproj" />
  <Project Path="tests/Squirrel.Core/Squirrel.Core.UnitTests/Squirrel.Core.UnitTests.csproj" />
  <Project Path="tests/Squirrel.Email/Squirrel.Email.IntegrationTests/Squirrel.Email.IntegrationTests.csproj" />
  <Project Path="tests/Squirrel.Email/Squirrel.Email.UnitTests/Squirrel.Email.UnitTests.csproj" />
  <Project Path="tests/Squirrel.HealthCheck/Squirrel.HealthCheck.IntegrationTests/Squirrel.HealthCheck.IntegrationTests.csproj" />
  <Project Path="tests/Squirrel.HealthCheck/Squirrel.HealthCheck.UnitTests/Squirrel.HealthCheck.UnitTests.csproj" />
  <Project Path="tests/Squirrel.Integration.Wolverine/Squirrel.Integration.Wolverine.IntegrationTests/Squirrel.Integration.Wolverine.IntegrationTests.csproj" />
  <Project Path="tests/Squirrel.Integration.Wolverine/Squirrel.Integration.Wolverine.UnitTests/Squirrel.Integration.Wolverine.UnitTests.csproj" />
  <Project Path="tests/Squirrel.OpenApi/Squirrel.OpenApi.IntegrationTests/Squirrel.OpenApi.IntegrationTests.csproj" />
  <Project Path="tests/Squirrel.OpenApi/Squirrel.OpenApi.UnitTests/Squirrel.OpenApi.UnitTests.csproj" />
  <Project Path="tests/Squirrel.OpenTelemetry/Squirrel.OpenTelemetry.IntegrationTests/Squirrel.OpenTelemetry.IntegrationTests.csproj" />
  <Project Path="tests/Squirrel.OpenTelemetry/Squirrel.OpenTelemetry.UnitTests/Squirrel.OpenTelemetry.UnitTests.csproj" />
  <Project Path="tests/Squirrel.Persistence.EfCore.AzureCosmosDB/Squirrel.Persistence.EfCore.AzureCosmosDB.IntegrationTests/Squirrel.Persistence.EfCore.AzureCosmosDB.IntegrationTests.csproj" />
  <Project Path="tests/Squirrel.Persistence.EfCore.AzureCosmosDB/Squirrel.Persistence.EfCore.AzureCosmosDB.UnitTests/Squirrel.Persistence.EfCore.AzureCosmosDB.UnitTests.csproj" />
  <Project Path="tests/Squirrel.Persistence.EfCore.AzurePostgres/Squirrel.Persistence.EfCore.AzurePostgres.IntegrationTests/Squirrel.Persistence.EfCore.AzurePostgres.IntegrationTests.csproj" />
  <Project Path="tests/Squirrel.Persistence.EfCore.AzurePostgres/Squirrel.Persistence.EfCore.AzurePostgres.UnitTests/Squirrel.Persistence.EfCore.AzurePostgres.UnitTests.csproj" />
  <Project Path="tests/Squirrel.Persistence.EfCore.Postgres/Squirrel.Persistence.EfCore.Postgres.IntegrationTests/Squirrel.Persistence.EfCore.Postgres.IntegrationTests.csproj" />
  <Project Path="tests/Squirrel.Persistence.EfCore.Postgres/Squirrel.Persistence.EfCore.Postgres.UnitTests/Squirrel.Persistence.EfCore.Postgres.UnitTests.csproj" />
  <Project Path="tests/Squirrel.Persistence.EventStoreDB/Squirrel.Persistence.EventStoreDB.IntegrationTests/Squirrel.Persistence.EventStoreDB.IntegrationTests.csproj" />
  <Project Path="tests/Squirrel.Persistence.EventStoreDB/Squirrel.Persistence.EventStoreDB.UnitTests/Squirrel.Persistence.EventStoreDB.UnitTests.csproj" />
  <Project Path="tests/Squirrel.Persistence.Marten/Squirrel.Persistence.Marten.IntegrationTests/Squirrel.Persistence.Marten.IntegrationTests.csproj" />
  <Project Path="tests/Squirrel.Persistence.Marten/Squirrel.Persistence.Marten.UnitTests/Squirrel.Persistence.Marten.UnitTests.csproj" />
  <Project Path="tests/Squirrel.Persistence.Mongo/Squirrel.Persistence.Mongo.IntegrationTests/Squirrel.Persistence.Mongo.IntegrationTests.csproj" />
  <Project Path="tests/Squirrel.Persistence.Mongo/Squirrel.Persistence.Mongo.UnitTests/Squirrel.Persistence.Mongo.UnitTests.csproj" />
  <Project Path="tests/Squirrel.Resiliency/Squirrel.Resiliency.IntegrationTests/Squirrel.Resiliency.IntegrationTests.csproj" />
  <Project Path="tests/Squirrel.Resiliency/Squirrel.Resiliency.UnitTests/Squirrel.Resiliency.UnitTests.csproj" />
  <Project Path="tests/Squirrel.Security/Squirrel.Security.IntegrationTests/Squirrel.Security.IntegrationTests.csproj" />
  <Project Path="tests/Squirrel.Security/Squirrel.Security.UnitTests/Squirrel.Security.UnitTests.csproj" />
  <Project Path="tests/Squirrel.Serialization/Squirrel.Serialization.IntegrationTests/Squirrel.Serialization.IntegrationTests.csproj" />
  <Project Path="tests/Squirrel.Serialization/Squirrel.Serialization.UnitTests/Squirrel.Serialization.UnitTests.csproj" />
  <Project Path="tests/Squirrel.SerilogLogging/Squirrel.SerilogLogging.IntegrationTests/Squirrel.SerilogLogging.IntegrationTests.csproj" />
  <Project Path="tests/Squirrel.SerilogLogging/Squirrel.SerilogLogging.UnitTests/Squirrel.SerilogLogging.UnitTests.csproj" />
  <Project Path="tests/Squirrel.Validation/Squirrel.Validation.IntegrationTests/Squirrel.Validation.IntegrationTests.csproj" />
  <Project Path="tests/Squirrel.Validation/Squirrel.Validation.UnitTests/Squirrel.Validation.UnitTests.csproj" />
  <Project Path="tests/Squirrel.Web/Squirrel.Web.IntegrationTests/Squirrel.Web.IntegrationTests.csproj" />
  <Project Path="tests/Squirrel.Web/Squirrel.Web.UnitTests/Squirrel.Web.UnitTests.csproj" />
  <Project Path="tests/Shared/Tests.Shared/Tests.Shared.csproj" />
  </Folder>
  <Folder Name="/solution items/">
    <File Path=".editorconfig" />
    <File Path="Directory.Build.props" />
    <File Path="Directory.Build.targets" />
    <File Path="Directory.Packages.props" />
    <File Path="global.json" />
    <File Path="LICENSE" />
    <File Path="nuget.config" />
    <File Path="README.md" />
    <File Path="stylecop.json" />
    <File Path="version.json" />
    <Folder Name="/solution items/.github/">
      <File Path=".github/release-drafter.yml" />
      <Folder Name="/solution items/.github/workflows/">
        <File Path=".github/workflows/build-and-publish.yml" />
        <File Path=".github/workflows/deploy-docs.yml" />
        <File Path=".github/workflows/labeler.yml" />
      </Folder>
    </Folder>
    <Folder Name="/solution items/docs/">
      <File Path="docs/index.md" />
      <File Path="docs/package-lock.json" />
      <File Path="docs/package.json" />
      <Folder Name="/solution items/docs/.vitepress/">
        <File Path="docs/.vitepress/config.ts" />
      </Folder>
      <Folder Name="/solution items/docs/components/">
        <File Path="docs/components/abstractions.md" />
        <File Path="docs/components/aspire-integrations.md" />
        <File Path="docs/components/caching-azure-redis.md" />
        <File Path="docs/components/caching.md" />
        <File Path="docs/components/core.md" />
        <File Path="docs/components/email.md" />
        <File Path="docs/components/health-check.md" />
        <File Path="docs/components/openapi.md" />
        <File Path="docs/components/opentelemetry.md" />
        <File Path="docs/components/persistence-efcore-azure-cosmosdb.md" />
        <File Path="docs/components/persistence-efcore-azure-postgres.md" />
        <File Path="docs/components/persistence-efcore-postgres.md" />
        <File Path="docs/components/persistence-eventstoredb.md" />
        <File Path="docs/components/persistence-marten.md" />
        <File Path="docs/components/persistence-mongo.md" />
        <File Path="docs/components/resiliency.md" />
        <File Path="docs/components/security.md" />
        <File Path="docs/components/serialization.md" />
        <File Path="docs/components/serilog-logging.md" />
        <File Path="docs/components/validation.md" />
        <File Path="docs/components/web.md" />
        <File Path="docs/components/wolverine.md" />
      </Folder>
      <Folder Name="/solution items/docs/guide/">
        <File Path="docs/guide/architecture.md" />
        <File Path="docs/guide/development.md" />
        <File Path="docs/guide/quickstart.md" />
        <File Path="docs/guide/versioning.md" />
      </Folder>
      <Folder Name="/solution items/docs/reference/">
        <File Path="docs/reference/packages.md" />
      </Folder>
    </Folder>
    <Folder Name="/solution items/scripts/">
      <File Path="scripts/calculate-version.sh" />
      <File Path="scripts/release-version.sh" />
    </Folder>
  </Folder>
</Solution>
